Microsoft Visual Studio Solution File, Format Version 12.00
# Visual Studio Version 17
VisualStudioVersion = 17.5.2.0
MinimumVisualStudioVersion = 10.0.40219.1
Project("{2150E333-8FDC-42A3-9474-1A3956D46DE8}") = "ReservationService", "ReservationService", "{93B00673-3F5F-E9C6-15BC-00F9DE90E2FD}"
EndProject
Project("{FAE04EC0-301F-11D3-BF4B-00C04F79EFBC}") = "Reservation.Api", "ReservationService\Reservation.Api\Reservation.Api.csproj", "{24E4338B-9F0B-10A9-3DC2-A7578C9F5B64}"
EndProject
Project("{FAE04EC0-301F-11D3-BF4B-00C04F79EFBC}") = "Reservation.Application", "ReservationService\Reservation.Application\Reservation.Application.csproj", "{4FE56AEA-B524-9311-3BCD-B96182E81DC8}"
EndProject
Project("{FAE04EC0-301F-11D3-BF4B-00C04F79EFBC}") = "Reservation.Domain", "ReservationService\Reservation.Domain\Reservation.Domain.csproj", "{4F09CA15-BCCB-1C18-F6E2-8EBDF8C03E0E}"
EndProject
Project("{FAE04EC0-301F-11D3-BF4B-00C04F79EFBC}") = "Reservation.Infrastructure", "ReservationService\Reservation.Infrastructure\Reservation.Infrastructure.csproj", "{67643483-9CFC-0D1A-7CEC-4B875DD05A48}"
EndProject
Project("{2150E333-8FDC-42A3-9474-1A3956D46DE8}") = "AvailabilityService", "AvailabilityService", "{402AB05C-73E7-47B1-8678-51FD1B7F8C03}"
EndProject
Project("{FAE04EC0-301F-11D3-BF4B-00C04F79EFBC}") = "Availability.Api", "AvailabilityService\Availability.Api\Availability.Api.csproj", "{943B1491-CF61-4E5E-BD4A-56DF0CF079AC}"
EndProject
Project("{FAE04EC0-301F-11D3-BF4B-00C04F79EFBC}") = "Availability.Application", "AvailabilityService\Availability.Application\Availability.Application.csproj", "{E22386CC-C00B-46D6-9C18-AAE20A6ABF6B}"
EndProject
Project("{FAE04EC0-301F-11D3-BF4B-00C04F79EFBC}") = "Availability.Domain", "AvailabilityService\Availability.Domain\Availability.Domain.csproj", "{C06BE067-C861-4320-A530-F15421544F8C}"
EndProject
Project("{FAE04EC0-301F-11D3-BF4B-00C04F79EFBC}") = "Availability.Infrastructure", "AvailabilityService\Availability.Infrastructure\Availability.Infrastructure.csproj", "{2B204C00-D715-425A-977C-EA740FFD6E06}"
EndProject
Project("{2150E333-8FDC-42A3-9474-1A3956D46DE8}") = "PaymentService", "PaymentService", "{7422EBE5-80D5-44AD-B8B0-0F54CBED7D23}"
EndProject
Project("{FAE04EC0-301F-11D3-BF4B-00C04F79EFBC}") = "Payment.Application", "PaymentService\Payment.Application\Payment.Application.csproj", "{31E65B30-7FF9-49EF-849A-51E726B45E7E}"
EndProject
Project("{FAE04EC0-301F-11D3-BF4B-00C04F79EFBC}") = "Payment.Domain", "PaymentService\Payment.Domain\Payment.Domain.csproj", "{3D96C938-DB9F-42C9-A9D6-77FE15F9B596}"
EndProject
Project("{FAE04EC0-301F-11D3-BF4B-00C04F79EFBC}") = "Payment.Infrastructure", "PaymentService\Payment.Infrastructure\Payment.Infrastructure.csproj", "{6CC9F723-4C79-488A-9C3B-A26030053D45}"
EndProject
Project("{FAE04EC0-301F-11D3-BF4B-00C04F79EFBC}") = "Payment.Api", "PaymentService\Payment.Api\Payment.Api.csproj", "{6186CBB9-E85E-4F61-AD77-60E7AB10F4F6}"
EndProject
Project("{2150E333-8FDC-42A3-9474-1A3956D46DE8}") = "PolicyService", "PolicyService", "{185DD4D2-C2DD-46DA-B635-03081EBA321F}"
EndProject
Project("{FAE04EC0-301F-11D3-BF4B-00C04F79EFBC}") = "Policy.Worker", "PolicyService\Policy.Worker\Policy.Worker.csproj", "{8B01401A-2033-40D2-8C98-769B23F0130E}"
EndProject
Project("{FAE04EC0-301F-11D3-BF4B-00C04F79EFBC}") = "Policy.Application", "PolicyService\Policy.Application\Policy.Application.csproj", "{4AE09665-3E8C-4638-A896-A06A179D6B66}"
EndProject
Project("{FAE04EC0-301F-11D3-BF4B-00C04F79EFBC}") = "Policy.Domain", "PolicyService\Policy.Domain\Policy.Domain.csproj", "{31AF90B8-08E8-4E6A-B2F1-13C7A566706D}"
EndProject
Project("{FAE04EC0-301F-11D3-BF4B-00C04F79EFBC}") = "Policy.Infrastructure", "PolicyService\Policy.Infrastructure\Policy.Infrastructure.csproj", "{0AC26478-8DC5-4A46-9E78-7FFDF556E263}"
EndProject
Project("{2150E333-8FDC-42A3-9474-1A3956D46DE8}") = "NotificationService", "NotificationService", "{C047E671-999D-483D-A380-3630587C27E0}"
EndProject
Project("{FAE04EC0-301F-11D3-BF4B-00C04F79EFBC}") = "Notification.Domain", "NotificationService\Notification.Domain\Notification.Domain.csproj", "{6B5E8112-2E15-4151-A43E-D9A7C41E1070}"
EndProject
Project("{FAE04EC0-301F-11D3-BF4B-00C04F79EFBC}") = "Notification.Application", "NotificationService\Notification.Application\Notification.Application.csproj", "{F7D7926D-796B-44FD-9E55-C58D39F8311E}"
EndProject
Project("{FAE04EC0-301F-11D3-BF4B-00C04F79EFBC}") = "Notification.Infrastructure", "NotificationService\Notification.Infrastructure\Notification.Infrastructure.csproj", "{2A4F3FF7-871A-40BB-AF00-0572A356AC47}"
EndProject
Project("{FAE04EC0-301F-11D3-BF4B-00C04F79EFBC}") = "Notification.Worker", "NotificationService\Notification.Worker\Notification.Worker.csproj", "{962B7644-B474-4282-9D43-A91B01AA9DCF}"
EndProject
Project("{2150E333-8FDC-42A3-9474-1A3956D46DE8}") = "ReportingService", "ReportingService", "{BBD5E301-526B-450B-8CBF-875C505C03BE}"
EndProject
Project("{FAE04EC0-301F-11D3-BF4B-00C04F79EFBC}") = "Reporting.Domain", "ReportingService\Reporting.Domain\Reporting.Domain.csproj", "{3AD12768-3A0D-4E98-876C-BCC5DC3BA006}"
EndProject
Project("{FAE04EC0-301F-11D3-BF4B-00C04F79EFBC}") = "Reporting.Application", "ReportingService\Reporting.Application\Reporting.Application.csproj", "{FC5273A6-4723-4246-BB72-0AEFB701BC56}"
EndProject
Project("{FAE04EC0-301F-11D3-BF4B-00C04F79EFBC}") = "Reporting.Infrastructure", "ReportingService\Reporting.Infrastructure\Reporting.Infrastructure.csproj", "{42269A09-F900-40E1-AA46-A0896BDF88DE}"
EndProject
Project("{FAE04EC0-301F-11D3-BF4B-00C04F79EFBC}") = "Reporting.Api", "ReportingService\Reporting.Api\Reporting.Api.csproj", "{654D0962-FD17-46F4-AE47-B763DB4D7508}"
EndProject
Project("{2150E333-8FDC-42A3-9474-1A3956D46DE8}") = "AuditService", "AuditService", "{0DDE2D5B-1917-4925-ADE0-2503C6DEDEB8}"
EndProject
Project("{FAE04EC0-301F-11D3-BF4B-00C04F79EFBC}") = "Audit.Domain", "AuditService\Audit.Domain\Audit.Domain.csproj", "{4D914C64-7D0C-4DF1-A027-1A8688F0C3FF}"
EndProject
Project("{FAE04EC0-301F-11D3-BF4B-00C04F79EFBC}") = "Audit.Application", "AuditService\Audit.Application\Audit.Application.csproj", "{BD216022-799B-4405-86ED-95F179C6E1F1}"
EndProject
Project("{FAE04EC0-301F-11D3-BF4B-00C04F79EFBC}") = "Audit.Infrastructure", "AuditService\Audit.Infrastructure\Audit.Infrastructure.csproj", "{384CA8A0-8319-4F3D-A5CF-45C9C0813334}"
EndProject
Project("{FAE04EC0-301F-11D3-BF4B-00C04F79EFBC}") = "Audit.Api", "AuditService\Audit.Api\Audit.Api.csproj", "{2FFE35B2-9D17-4E7C-A0EF-DA96BFFD74BE}"
EndProject
Project("{2150E333-8FDC-42A3-9474-1A3956D46DE8}") = "ApiGateway", "ApiGateway", "{2810CCD0-A309-42DD-81D5-7967FDEF3C78}"
EndProject
Project("{FAE04EC0-301F-11D3-BF4B-00C04F79EFBC}") = "Gateway.Api", "ApiGateway\Gateway.Api\Gateway.Api.csproj", "{6E102546-2617-43F4-A079-DA4FA58FDD22}"
EndProject
Global
	GlobalSection(SolutionConfigurationPlatforms) = preSolution
		Debug|Any CPU = Debug|Any CPU
		Release|Any CPU = Release|Any CPU
	EndGlobalSection
	GlobalSection(ProjectConfigurationPlatforms) = postSolution
		{24E4338B-9F0B-10A9-3DC2-A7578C9F5B64}.Debug|Any CPU.ActiveCfg = Debug|Any CPU
		{24E4338B-9F0B-10A9-3DC2-A7578C9F5B64}.Debug|Any CPU.Build.0 = Debug|Any CPU
		{24E4338B-9F0B-10A9-3DC2-A7578C9F5B64}.Release|Any CPU.ActiveCfg = Release|Any CPU
		{24E4338B-9F0B-10A9-3DC2-A7578C9F5B64}.Release|Any CPU.Build.0 = Release|Any CPU
		{4FE56AEA-B524-9311-3BCD-B96182E81DC8}.Debug|Any CPU.ActiveCfg = Debug|Any CPU
		{4FE56AEA-B524-9311-3BCD-B96182E81DC8}.Debug|Any CPU.Build.0 = Debug|Any CPU
		{4FE56AEA-B524-9311-3BCD-B96182E81DC8}.Release|Any CPU.ActiveCfg = Release|Any CPU
		{4FE56AEA-B524-9311-3BCD-B96182E81DC8}.Release|Any CPU.Build.0 = Release|Any CPU
		{4F09CA15-BCCB-1C18-F6E2-8EBDF8C03E0E}.Debug|Any CPU.ActiveCfg = Debug|Any CPU
		{4F09CA15-BCCB-1C18-F6E2-8EBDF8C03E0E}.Debug|Any CPU.Build.0 = Debug|Any CPU
		{4F09CA15-BCCB-1C18-F6E2-8EBDF8C03E0E}.Release|Any CPU.ActiveCfg = Release|Any CPU
		{4F09CA15-BCCB-1C18-F6E2-8EBDF8C03E0E}.Release|Any CPU.Build.0 = Release|Any CPU
		{67643483-9CFC-0D1A-7CEC-4B875DD05A48}.Debug|Any CPU.ActiveCfg = Debug|Any CPU
		{67643483-9CFC-0D1A-7CEC-4B875DD05A48}.Debug|Any CPU.Build.0 = Debug|Any CPU
		{67643483-9CFC-0D1A-7CEC-4B875DD05A48}.Release|Any CPU.ActiveCfg = Release|Any CPU
		{67643483-9CFC-0D1A-7CEC-4B875DD05A48}.Release|Any CPU.Build.0 = Release|Any CPU
		{943B1491-CF61-4E5E-BD4A-56DF0CF079AC}.Debug|Any CPU.ActiveCfg = Debug|Any CPU
		{943B1491-CF61-4E5E-BD4A-56DF0CF079AC}.Debug|Any CPU.Build.0 = Debug|Any CPU
		{943B1491-CF61-4E5E-BD4A-56DF0CF079AC}.Release|Any CPU.ActiveCfg = Release|Any CPU
		{943B1491-CF61-4E5E-BD4A-56DF0CF079AC}.Release|Any CPU.Build.0 = Release|Any CPU
		{E22386CC-C00B-46D6-9C18-AAE20A6ABF6B}.Debug|Any CPU.ActiveCfg = Debug|Any CPU
		{E22386CC-C00B-46D6-9C18-AAE20A6ABF6B}.Debug|Any CPU.Build.0 = Debug|Any CPU
		{E22386CC-C00B-46D6-9C18-AAE20A6ABF6B}.Release|Any CPU.ActiveCfg = Release|Any CPU
		{E22386CC-C00B-46D6-9C18-AAE20A6ABF6B}.Release|Any CPU.Build.0 = Release|Any CPU
		{C06BE067-C861-4320-A530-F15421544F8C}.Debug|Any CPU.ActiveCfg = Debug|Any CPU
		{C06BE067-C861-4320-A530-F15421544F8C}.Debug|Any CPU.Build.0 = Debug|Any CPU
		{C06BE067-C861-4320-A530-F15421544F8C}.Release|Any CPU.ActiveCfg = Release|Any CPU
		{C06BE067-C861-4320-A530-F15421544F8C}.Release|Any CPU.Build.0 = Release|Any CPU
		{2B204C00-D715-425A-977C-EA740FFD6E06}.Debug|Any CPU.ActiveCfg = Debug|Any CPU
		{2B204C00-D715-425A-977C-EA740FFD6E06}.Debug|Any CPU.Build.0 = Debug|Any CPU
		{2B204C00-D715-425A-977C-EA740FFD6E06}.Release|Any CPU.ActiveCfg = Release|Any CPU
		{2B204C00-D715-425A-977C-EA740FFD6E06}.Release|Any CPU.Build.0 = Release|Any CPU
		{31E65B30-7FF9-49EF-849A-51E726B45E7E}.Debug|Any CPU.ActiveCfg = Debug|Any CPU
		{31E65B30-7FF9-49EF-849A-51E726B45E7E}.Debug|Any CPU.Build.0 = Debug|Any CPU
		{31E65B30-7FF9-49EF-849A-51E726B45E7E}.Release|Any CPU.ActiveCfg = Release|Any CPU
		{31E65B30-7FF9-49EF-849A-51E726B45E7E}.Release|Any CPU.Build.0 = Release|Any CPU
		{3D96C938-DB9F-42C9-A9D6-77FE15F9B596}.Debug|Any CPU.ActiveCfg = Debug|Any CPU
		{3D96C938-DB9F-42C9-A9D6-77FE15F9B596}.Debug|Any CPU.Build.0 = Debug|Any CPU
		{3D96C938-DB9F-42C9-A9D6-77FE15F9B596}.Release|Any CPU.ActiveCfg = Release|Any CPU
		{3D96C938-DB9F-42C9-A9D6-77FE15F9B596}.Release|Any CPU.Build.0 = Release|Any CPU
		{6CC9F723-4C79-488A-9C3B-A26030053D45}.Debug|Any CPU.ActiveCfg = Debug|Any CPU
		{6CC9F723-4C79-488A-9C3B-A26030053D45}.Debug|Any CPU.Build.0 = Debug|Any CPU
		{6CC9F723-4C79-488A-9C3B-A26030053D45}.Release|Any CPU.ActiveCfg = Release|Any CPU
		{6CC9F723-4C79-488A-9C3B-A26030053D45}.Release|Any CPU.Build.0 = Release|Any CPU
		{6186CBB9-E85E-4F61-AD77-60E7AB10F4F6}.Debug|Any CPU.ActiveCfg = Debug|Any CPU
		{6186CBB9-E85E-4F61-AD77-60E7AB10F4F6}.Debug|Any CPU.Build.0 = Debug|Any CPU
		{6186CBB9-E85E-4F61-AD77-60E7AB10F4F6}.Release|Any CPU.ActiveCfg = Release|Any CPU
		{6186CBB9-E85E-4F61-AD77-60E7AB10F4F6}.Release|Any CPU.Build.0 = Release|Any CPU
		{8B01401A-2033-40D2-8C98-769B23F0130E}.Debug|Any CPU.ActiveCfg = Debug|Any CPU
		{8B01401A-2033-40D2-8C98-769B23F0130E}.Debug|Any CPU.Build.0 = Debug|Any CPU
		{8B01401A-2033-40D2-8C98-769B23F0130E}.Release|Any CPU.ActiveCfg = Release|Any CPU
		{8B01401A-2033-40D2-8C98-769B23F0130E}.Release|Any CPU.Build.0 = Release|Any CPU
		{4AE09665-3E8C-4638-A896-A06A179D6B66}.Debug|Any CPU.ActiveCfg = Debug|Any CPU
		{4AE09665-3E8C-4638-A896-A06A179D6B66}.Debug|Any CPU.Build.0 = Debug|Any CPU
		{4AE09665-3E8C-4638-A896-A06A179D6B66}.Release|Any CPU.ActiveCfg = Release|Any CPU
		{4AE09665-3E8C-4638-A896-A06A179D6B66}.Release|Any CPU.Build.0 = Release|Any CPU
		{31AF90B8-08E8-4E6A-B2F1-13C7A566706D}.Debug|Any CPU.ActiveCfg = Debug|Any CPU
		{31AF90B8-08E8-4E6A-B2F1-13C7A566706D}.Debug|Any CPU.Build.0 = Debug|Any CPU
		{31AF90B8-08E8-4E6A-B2F1-13C7A566706D}.Release|Any CPU.ActiveCfg = Release|Any CPU
		{31AF90B8-08E8-4E6A-B2F1-13C7A566706D}.Release|Any CPU.Build.0 = Release|Any CPU
		{0AC26478-8DC5-4A46-9E78-7FFDF556E263}.Debug|Any CPU.ActiveCfg = Debug|Any CPU
		{0AC26478-8DC5-4A46-9E78-7FFDF556E263}.Debug|Any CPU.Build.0 = Debug|Any CPU
		{0AC26478-8DC5-4A46-9E78-7FFDF556E263}.Release|Any CPU.ActiveCfg = Release|Any CPU
		{0AC26478-8DC5-4A46-9E78-7FFDF556E263}.Release|Any CPU.Build.0 = Release|Any CPU
		{6B5E8112-2E15-4151-A43E-D9A7C41E1070}.Debug|Any CPU.ActiveCfg = Debug|Any CPU
		{6B5E8112-2E15-4151-A43E-D9A7C41E1070}.Debug|Any CPU.Build.0 = Debug|Any CPU
		{6B5E8112-2E15-4151-A43E-D9A7C41E1070}.Release|Any CPU.ActiveCfg = Release|Any CPU
		{6B5E8112-2E15-4151-A43E-D9A7C41E1070}.Release|Any CPU.Build.0 = Release|Any CPU
		{F7D7926D-796B-44FD-9E55-C58D39F8311E}.Debug|Any CPU.ActiveCfg = Debug|Any CPU
		{F7D7926D-796B-44FD-9E55-C58D39F8311E}.Debug|Any CPU.Build.0 = Debug|Any CPU
		{F7D7926D-796B-44FD-9E55-C58D39F8311E}.Release|Any CPU.ActiveCfg = Release|Any CPU
		{F7D7926D-796B-44FD-9E55-C58D39F8311E}.Release|Any CPU.Build.0 = Release|Any CPU
		{2A4F3FF7-871A-40BB-AF00-0572A356AC47}.Debug|Any CPU.ActiveCfg = Debug|Any CPU
		{2A4F3FF7-871A-40BB-AF00-0572A356AC47}.Debug|Any CPU.Build.0 = Debug|Any CPU
		{2A4F3FF7-871A-40BB-AF00-0572A356AC47}.Release|Any CPU.ActiveCfg = Release|Any CPU
		{2A4F3FF7-871A-40BB-AF00-0572A356AC47}.Release|Any CPU.Build.0 = Release|Any CPU
		{962B7644-B474-4282-9D43-A91B01AA9DCF}.Debug|Any CPU.ActiveCfg = Debug|Any CPU
		{962B7644-B474-4282-9D43-A91B01AA9DCF}.Debug|Any CPU.Build.0 = Debug|Any CPU
		{962B7644-B474-4282-9D43-A91B01AA9DCF}.Release|Any CPU.ActiveCfg = Release|Any CPU
		{962B7644-B474-4282-9D43-A91B01AA9DCF}.Release|Any CPU.Build.0 = Release|Any CPU
		{3AD12768-3A0D-4E98-876C-BCC5DC3BA006}.Debug|Any CPU.ActiveCfg = Debug|Any CPU
		{3AD12768-3A0D-4E98-876C-BCC5DC3BA006}.Debug|Any CPU.Build.0 = Debug|Any CPU
		{3AD12768-3A0D-4E98-876C-BCC5DC3BA006}.Release|Any CPU.ActiveCfg = Release|Any CPU
		{3AD12768-3A0D-4E98-876C-BCC5DC3BA006}.Release|Any CPU.Build.0 = Release|Any CPU
		{FC5273A6-4723-4246-BB72-0AEFB701BC56}.Debug|Any CPU.ActiveCfg = Debug|Any CPU
		{FC5273A6-4723-4246-BB72-0AEFB701BC56}.Debug|Any CPU.Build.0 = Debug|Any CPU
		{FC5273A6-4723-4246-BB72-0AEFB701BC56}.Release|Any CPU.ActiveCfg = Release|Any CPU
		{FC5273A6-4723-4246-BB72-0AEFB701BC56}.Release|Any CPU.Build.0 = Release|Any CPU
		{42269A09-F900-40E1-AA46-A0896BDF88DE}.Debug|Any CPU.ActiveCfg = Debug|Any CPU
		{42269A09-F900-40E1-AA46-A0896BDF88DE}.Debug|Any CPU.Build.0 = Debug|Any CPU
		{42269A09-F900-40E1-AA46-A0896BDF88DE}.Release|Any CPU.ActiveCfg = Release|Any CPU
		{42269A09-F900-40E1-AA46-A0896BDF88DE}.Release|Any CPU.Build.0 = Release|Any CPU
		{654D0962-FD17-46F4-AE47-B763DB4D7508}.Debug|Any CPU.ActiveCfg = Debug|Any CPU
		{654D0962-FD17-46F4-AE47-B763DB4D7508}.Debug|Any CPU.Build.0 = Debug|Any CPU
		{654D0962-FD17-46F4-AE47-B763DB4D7508}.Release|Any CPU.ActiveCfg = Release|Any CPU
		{654D0962-FD17-46F4-AE47-B763DB4D7508}.Release|Any CPU.Build.0 = Release|Any CPU
		{4D914C64-7D0C-4DF1-A027-1A8688F0C3FF}.Debug|Any CPU.ActiveCfg = Debug|Any CPU
		{4D914C64-7D0C-4DF1-A027-1A8688F0C3FF}.Debug|Any CPU.Build.0 = Debug|Any CPU
		{4D914C64-7D0C-4DF1-A027-1A8688F0C3FF}.Release|Any CPU.ActiveCfg = Release|Any CPU
		{4D914C64-7D0C-4DF1-A027-1A8688F0C3FF}.Release|Any CPU.Build.0 = Release|Any CPU
		{BD216022-799B-4405-86ED-95F179C6E1F1}.Debug|Any CPU.ActiveCfg = Debug|Any CPU
		{BD216022-799B-4405-86ED-95F179C6E1F1}.Debug|Any CPU.Build.0 = Debug|Any CPU
		{BD216022-799B-4405-86ED-95F179C6E1F1}.Release|Any CPU.ActiveCfg = Release|Any CPU
		{BD216022-799B-4405-86ED-95F179C6E1F1}.Release|Any CPU.Build.0 = Release|Any CPU
		{384CA8A0-8319-4F3D-A5CF-45C9C0813334}.Debug|Any CPU.ActiveCfg = Debug|Any CPU
		{384CA8A0-8319-4F3D-A5CF-45C9C0813334}.Debug|Any CPU.Build.0 = Debug|Any CPU
		{384CA8A0-8319-4F3D-A5CF-45C9C0813334}.Release|Any CPU.ActiveCfg = Release|Any CPU
		{384CA8A0-8319-4F3D-A5CF-45C9C0813334}.Release|Any CPU.Build.0 = Release|Any CPU
		{2FFE35B2-9D17-4E7C-A0EF-DA96BFFD74BE}.Debug|Any CPU.ActiveCfg = Debug|Any CPU
		{2FFE35B2-9D17-4E7C-A0EF-DA96BFFD74BE}.Debug|Any CPU.Build.0 = Debug|Any CPU
		{2FFE35B2-9D17-4E7C-A0EF-DA96BFFD74BE}.Release|Any CPU.ActiveCfg = Release|Any CPU
		{2FFE35B2-9D17-4E7C-A0EF-DA96BFFD74BE}.Release|Any CPU.Build.0 = Release|Any CPU
		{6E102546-2617-43F4-A079-DA4FA58FDD22}.Debug|Any CPU.ActiveCfg = Debug|Any CPU
		{6E102546-2617-43F4-A079-DA4FA58FDD22}.Debug|Any CPU.Build.0 = Debug|Any CPU
		{6E102546-2617-43F4-A079-DA4FA58FDD22}.Release|Any CPU.ActiveCfg = Release|Any CPU
		{6E102546-2617-43F4-A079-DA4FA58FDD22}.Release|Any CPU.Build.0 = Release|Any CPU
	EndGlobalSection
	GlobalSection(SolutionProperties) = preSolution
		HideSolutionNode = FALSE
	EndGlobalSection
	GlobalSection(NestedProjects) = preSolution
		{24E4338B-9F0B-10A9-3DC2-A7578C9F5B64} = {93B00673-3F5F-E9C6-15BC-00F9DE90E2FD}
		{4FE56AEA-B524-9311-3BCD-B96182E81DC8} = {93B00673-3F5F-E9C6-15BC-00F9DE90E2FD}
		{4F09CA15-BCCB-1C18-F6E2-8EBDF8C03E0E} = {93B00673-3F5F-E9C6-15BC-00F9DE90E2FD}
		{67643483-9CFC-0D1A-7CEC-4B875DD05A48} = {93B00673-3F5F-E9C6-15BC-00F9DE90E2FD}
		{943B1491-CF61-4E5E-BD4A-56DF0CF079AC} = {402AB05C-73E7-47B1-8678-51FD1B7F8C03}
		{E22386CC-C00B-46D6-9C18-AAE20A6ABF6B} = {402AB05C-73E7-47B1-8678-51FD1B7F8C03}
		{C06BE067-C861-4320-A530-F15421544F8C} = {402AB05C-73E7-47B1-8678-51FD1B7F8C03}
		{2B204C00-D715-425A-977C-EA740FFD6E06} = {402AB05C-73E7-47B1-8678-51FD1B7F8C03}
		{31E65B30-7FF9-49EF-849A-51E726B45E7E} = {7422EBE5-80D5-44AD-B8B0-0F54CBED7D23}
		{3D96C938-DB9F-42C9-A9D6-77FE15F9B596} = {7422EBE5-80D5-44AD-B8B0-0F54CBED7D23}
		{6CC9F723-4C79-488A-9C3B-A26030053D45} = {7422EBE5-80D5-44AD-B8B0-0F54CBED7D23}
		{6186CBB9-E85E-4F61-AD77-60E7AB10F4F6} = {7422EBE5-80D5-44AD-B8B0-0F54CBED7D23}
		{8B01401A-2033-40D2-8C98-769B23F0130E} = {185DD4D2-C2DD-46DA-B635-03081EBA321F}
		{4AE09665-3E8C-4638-A896-A06A179D6B66} = {185DD4D2-C2DD-46DA-B635-03081EBA321F}
		{31AF90B8-08E8-4E6A-B2F1-13C7A566706D} = {185DD4D2-C2DD-46DA-B635-03081EBA321F}
		{0AC26478-8DC5-4A46-9E78-7FFDF556E263} = {185DD4D2-C2DD-46DA-B635-03081EBA321F}
		{6B5E8112-2E15-4151-A43E-D9A7C41E1070} = {C047E671-999D-483D-A380-3630587C27E0}
		{F7D7926D-796B-44FD-9E55-C58D39F8311E} = {C047E671-999D-483D-A380-3630587C27E0}
		{2A4F3FF7-871A-40BB-AF00-0572A356AC47} = {C047E671-999D-483D-A380-3630587C27E0}
		{962B7644-B474-4282-9D43-A91B01AA9DCF} = {C047E671-999D-483D-A380-3630587C27E0}
		{3AD12768-3A0D-4E98-876C-BCC5DC3BA006} = {BBD5E301-526B-450B-8CBF-875C505C03BE}
		{FC5273A6-4723-4246-BB72-0AEFB701BC56} = {BBD5E301-526B-450B-8CBF-875C505C03BE}
		{42269A09-F900-40E1-AA46-A0896BDF88DE} = {BBD5E301-526B-450B-8CBF-875C505C03BE}
		{654D0962-FD17-46F4-AE47-B763DB4D7508} = {BBD5E301-526B-450B-8CBF-875C505C03BE}
		{4D914C64-7D0C-4DF1-A027-1A8688F0C3FF} = {0DDE2D5B-1917-4925-ADE0-2503C6DEDEB8}
		{BD216022-799B-4405-86ED-95F179C6E1F1} = {0DDE2D5B-1917-4925-ADE0-2503C6DEDEB8}
		{384CA8A0-8319-4F3D-A5CF-45C9C0813334} = {0DDE2D5B-1917-4925-ADE0-2503C6DEDEB8}
		{2FFE35B2-9D17-4E7C-A0EF-DA96BFFD74BE} = {0DDE2D5B-1917-4925-ADE0-2503C6DEDEB8}
		{6E102546-2617-43F4-A079-DA4FA58FDD22} = {2810CCD0-A309-42DD-81D5-7967FDEF3C78}
	EndGlobalSection
	GlobalSection(ExtensibilityGlobals) = postSolution
		SolutionGuid = {8BCC12CE-E46B-424D-B6E4-8ED0D2C722E9}
	EndGlobalSection
EndGlobal
